
Microsoft Visual Studio Solution File, Format Version 12.00
# Visual Studio Version 16
VisualStudioVersion = 16.0.30517.126
MinimumVisualStudioVersion = 10.0.40219.1
Project("{9A19103F-16F7-4668-BE54-9A1E7A4F7556}") = "RestService", "RestService.csproj", "{196D85B7-6025-4787-BEA5-325C96BD06B8}"
EndProject
Global
	GlobalSection(SolutionConfigurationPlatforms) = preSolution
		Debug|Any CPU = Debug|Any CPU
		Release|Any CPU = Release|Any CPU
	EndGlobalSection
	GlobalSection(ProjectConfigurationPlatforms) = postSolution
		{196D85B7-6025-4787-BEA5-325C96BD06B8}.Debug|Any CPU.ActiveCfg = Debug|Any CPU
		{196D85B7-6025-4787-BEA5-325C96BD06B8}.Debug|Any CPU.Build.0 = Debug|Any CPU
		{196D85B7-6025-4787-BEA5-325C96BD06B8}.Release|Any CPU.ActiveCfg = Release|Any CPU
		{196D85B7-6025-4787-BEA5-325C96BD06B8}.Release|Any CPU.Build.0 = Release|Any CPU
	EndGlobalSection
	GlobalSection(SolutionProperties) = preSolution
		HideSolutionNode = FALSE
	EndGlobalSection
	GlobalSection(ExtensibilityGlobals) = postSolution
		SolutionGuid = {82B7B877-3C70-4601-976A-27384BA78DC0}
	EndGlobalSection
EndGlobal
